<Solution>
  <Configurations>
    <Platform Name="x64" />
    <Platform Name="x86" />
  </Configurations>
  <Folder Name="/Solution Items/">
    <File Path=".editorconfig" />
  </Folder>
  <Project Path="Lecture02_01/Lecture02_01.vcxproj" Id="9a5c2e1f-0ada-4b97-8ec6-ecdf5936fa74" />
  <Project Path="Lecture03_01/Lecture03_01.vcxproj" Id="5dda6e01-8816-4c3f-b2c9-c18d2e822ef2" />
  <Project Path="Lecture03_02/Lecture03_02.vcxproj" Id="9a98b358-ff92-474f-8af1-7dd0b16d50c9" />
  <Project Path="Lecture04_01/Lecture04_01.vcxproj" Id="c8fed1fc-36e0-4654-852a-196928a0d453" />
  <Project Path="Lecture04_02/Lecture04_02.vcxproj" Id="eea8e1c1-5535-4271-93a4-dd11b875e48e" />
  <Project Path="Lecture05_01_Array/Lecture05_01_Array.vcxproj" Id="9d3780e1-5812-4446-99c7-8b7ceb0cf590" />
  <Project Path="Lecture05_02/Lecture05_02.vcxproj" Id="5120cb18-0cbd-493d-9714-fd04b6e991b0" />
  <Project Path="Lecture05_03/Lecture05_03.vcxproj" Id="2adb5e7c-c3f1-44a6-aa09-9f1204a0e33f" />
  <Project Path="Lecture05_04/Lecture05_04.vcxproj" Id="e95e14b9-0d1d-4891-8d0a-e7ac493ec0e1" />
  <Project Path="Lecture05_05/Lecture05_05.vcxproj" Id="afa357e1-4bc7-4b4e-888a-74525966ba82" />
  <Project Path="Lecture06_01/Lecture06_01.vcxproj" Id="c7ac8e29-18fa-412e-8d61-ce3576d437c9" />
  <Project Path="Lecture06_02/Lecture06_02.vcxproj" Id="24acc563-4f2a-4268-988e-00fbd94d007f" />
  <Project Path="Lecture06_03/Lecture06_03.vcxproj" Id="99e45636-0fb6-4f39-a298-8cdbf2181e7b" />
  <Project Path="Lecture06_04/Lecture06_04.vcxproj" Id="e3dc0e81-4f83-4e40-bf9e-fc6c96f90866" />
  <Project Path="Lecture06_05/Lecture06_05.vcxproj" Id="af02dfff-fae5-4082-8cd9-bb2cec0250a2" />
  <Project Path="Lecture06_06/Lecture06_06.vcxproj" Id="506c4b02-5984-485a-be16-5a6b0d813399" />
  <Project Path="Lecture07_01/Lecture07_01.vcxproj" Id="c33c768f-27a6-426c-ac07-ccca798ed4f3" />
  <Project Path="Lecture07_02/Lecture07_02.vcxproj" Id="4453d823-0944-4a8e-8f00-0cee0b12d5bd" />
  <Project Path="Lecture07_03/Lecture07_03.vcxproj" Id="3cfbeecc-ad21-4208-b3e5-e1289667fc96" />
  <Project Path="Lecture07_04/Lecture07_04.vcxproj" Id="9e6fff6c-136e-4a0c-83e8-957cb929f00d" />
  <Project Path="Lecture07_05/Lecture07_05.vcxproj" Id="e689a5cc-8872-4b1a-9058-d9230459c93e" />
  <Project Path="Lecture07_06/Lecture07_06.vcxproj" Id="364b8265-2375-4942-9b4e-a65d3dd48213" />
</Solution>
